
Microsoft Visual Studio Solution File, Format Version 12.00
# Visual Studio Version 17
VisualStudioVersion = 17.5.002.0
MinimumVisualStudioVersion = 10.0.40219.1
Project("{9A19103F-16F7-4668-BE54-9A1E7A4F7556}") = "Soletrando", "Soletrando.csproj", "{FF9B3410-3A82-4349-AAAB-A2A2B056D162}"
EndProject
Global
	GlobalSection(SolutionConfigurationPlatforms) = preSolution
		Debug|Any CPU = Debug|Any CPU
		Release|Any CPU = Release|Any CPU
	EndGlobalSection
	GlobalSection(ProjectConfigurationPlatforms) = postSolution
		{FF9B3410-3A82-4349-AAAB-A2A2B056D162}.Debug|Any CPU.ActiveCfg = Debug|Any CPU
		{FF9B3410-3A82-4349-AAAB-A2A2B056D162}.Debug|Any CPU.Build.0 = Debug|Any CPU
		{FF9B3410-3A82-4349-AAAB-A2A2B056D162}.Release|Any CPU.ActiveCfg = Release|Any CPU
		{FF9B3410-3A82-4349-AAAB-A2A2B056D162}.Release|Any CPU.Build.0 = Release|Any CPU
	EndGlobalSection
	GlobalSection(SolutionProperties) = preSolution
		HideSolutionNode = FALSE
	EndGlobalSection
	GlobalSection(ExtensibilityGlobals) = postSolution
		SolutionGuid = {B3E68BE2-261A-4BBB-B2B0-64F0C95BF3F7}
	EndGlobalSection
EndGlobal
